// !$*UTF8*$!
{
	archiveVersion = 1;
	classes = {
	};
	objectVersion = 77;
	objects = {

/* Begin PBXContainerItemProxy section */
		48BDE10A2D376E9000054749 /* PBXContainerItemProxy */ = {
			isa = PBXContainerItemProxy;
			containerPortal = 48BDE0F12D376E8D00054749 /* Project object */;
			proxyType = 1;
			remoteGlobalIDString = 48BDE0F82D376E8D00054749;
			remoteInfo = MVVM_PR;
		};
		48BDE1142D376E9000054749 /* PBXContainerItemProxy */ = {
			isa = PBXContainerItemProxy;
			containerPortal = 48BDE0F12D376E8D00054749 /* Project object */;
			proxyType = 1;
			remoteGlobalIDString = 48BDE0F82D376E8D00054749;
			remoteInfo = MVVM_PR;
		};
/* End PBXContainerItemProxy section */

/* Begin PBXFileReference section */
		48BDE0F92D376E8D00054749 /* MVVM_PR.app */ = {isa = PBXFileReference; explicitFileType = wrapper.application; includeInIndex = 0; path = MVVM_PR.app; sourceTree = BUILT_PRODUCTS_DIR; };
		48BDE1092D376E9000054749 /* MVVM_PRTests.xctest */ = {isa = PBXFileReference; explicitFileType = wrapper.cfbundle; includeInIndex = 0; path = MVVM_PRTests.xctest; sourceTree = BUILT_PRODUCTS_DIR; };
		48BDE1132D376E9000054749 /* MVVM_PRUITests.xctest */ = {isa = PBXFileReference; explicitFileType = wrapper.cfbundle; includeInIndex = 0; path = MVVM_PRUITests.xctest; sourceTree = BUILT_PRODUCTS_DIR; };
/* End PBXFileReference section */

/* Begin PBXFileSystemSynchronizedRootGroup section */
		48BDE0FB2D376E8D00054749 /* MVVM_PR */ = {
			isa = PBXFileSystemSynchronizedRootGroup;
			path = MVVM_PR;
			sourceTree = "<group>";
		};
		48BDE10C2D376E9000054749 /* MVVM_PRTests */ = {
			isa = PBXFileSystemSynchronizedRootGroup;
			path = MVVM_PRTests;
			sourceTree = "<group>";
		};
		48BDE1162D376E9000054749 /* MVVM_PRUITests */ = {
			isa = PBXFileSystemSynchronizedRootGroup;
			path = MVVM_PRUITests;
			sourceTree = "<group>";
		};
/* End PBXFileSystemSynchronizedRootGroup section */

/* Begin PBXFrameworksBuildPhase section */
		48BDE0F62D376E8D00054749 /* Frameworks */ = {
			isa = PBXFrameworksBuildPhase;
			buildActionMask = 2147483647;
			files = (
			);
			runOnlyForDeploymentPostprocessing = 0;
		};
		48BDE1062D376E9000054749 /* Frameworks */ = {
			isa = PBXFrameworksBuildPhase;
			buildActionMask = 2147483647;
			files = (
			);
			runOnlyForDeploymentPostprocessing = 0;
		};
		48BDE1102D376E9000054749 /* Frameworks */ = {
			isa = PBXFrameworksBuildPhase;
			buildActionMask = 2147483647;
			files = (
			);
			runOnlyForDeploymentPostprocessing = 0;
		};
/* End PBXFrameworksBuildPhase section */

/* Begin PBXGroup section */
		48BDE0F02D376E8D00054749 = {
			isa = PBXGroup;
			children = (
				48BDE0FB2D376E8D00054749 /* MVVM_PR */,
				48BDE10C2D376E9000054749 /* MVVM_PRTests */,
				48BDE1162D376E9000054749 /* MVVM_PRUITests */,
				48BDE0FA2D376E8D00054749 /* Products */,
			);
			sourceTree = "<group>";
		};
		48BDE0FA2D376E8D00054749 /* Products */ = {
			isa = PBXGroup;
			children = (
				48BDE0F92D376E8D00054749 /* MVVM_PR.app */,
				48BDE1092D376E9000054749 /* MVVM_PRTests.xctest */,
				48BDE1132D376E9000054749 /* MVVM_PRUITests.xctest */,
			);
			name = Products;
			sourceTree = "<group>";
		};
/* End PBXGroup section */

/* Begin PBXNativeTarget section */
		48BDE0F82D376E8D00054749 /* MVVM_PR */ = {
			isa = PBXNativeTarget;
			buildConfigurationList = 48BDE11D2D376E9000054749 /* Build configuration list for PBXNativeTarget "MVVM_PR" */;
			buildPhases = (
				48BDE0F52D376E8D00054749 /* Sources */,
				48BDE0F62D376E8D00054749 /* Frameworks */,
				48BDE0F72D376E8D00054749 /* Resources */,
			);
			buildRules = (
			);
			dependencies = (
			);
			fileSystemSynchronizedGroups = (
				48BDE0FB2D376E8D00054749 /* MVVM_PR */,
			);
			name = MVVM_PR;
			packageProductDependencies = (
			);
			productName = MVVM_PR;
			productReference = 48BDE0F92D376E8D00054749 /* MVVM_PR.app */;
			productType = "com.apple.product-type.application";
		};
		48BDE1082D376E9000054749 /* MVVM_PRTests */ = {
			isa = PBXNativeTarget;
			buildConfigurationList = 48BDE1202D376E9000054749 /* Build configuration list for PBXNativeTarget "MVVM_PRTests" */;
			buildPhases = (
				48BDE1052D376E9000054749 /* Sources */,
				48BDE1062D376E9000054749 /* Frameworks */,
				48BDE1072D376E9000054749 /* Resources */,
			);
			buildRules = (
			);
			dependencies = (
				48BDE10B2D376E9000054749 /* PBXTargetDependency */,
			);
			fileSystemSynchronizedGroups = (
				48BDE10C2D376E9000054749 /* MVVM_PRTests */,
			);
			name = MVVM_PRTests;
			packageProductDependencies = (
			);
			productName = MVVM_PRTests;
			productReference = 48BDE1092D376E9000054749 /* MVVM_PRTests.xctest */;
			productType = "com.apple.product-type.bundle.unit-test";
		};
		48BDE1122D376E9000054749 /* MVVM_PRUITests */ = {
			isa = PBXNativeTarget;
			buildConfigurationList = 48BDE1232D376E9000054749 /* Build configuration list for PBXNativeTarget "MVVM_PRUITests" */;
			buildPhases = (
				48BDE10F2D376E9000054749 /* Sources */,
				48BDE1102D376E9000054749 /* Frameworks */,
				48BDE1112D376E9000054749 /* Resources */,
			);
			buildRules = (
			);
			dependencies = (
				48BDE1152D376E9000054749 /* PBXTargetDependency */,
			);
			fileSystemSynchronizedGroups = (
				48BDE1162D376E9000054749 /* MVVM_PRUITests */,
			);
			name = MVVM_PRUITests;
			packageProductDependencies = (
			);
			productName = MVVM_PRUITests;
			productReference = 48BDE1132D376E9000054749 /* MVVM_PRUITests.xctest */;
			productType = "com.apple.product-type.bundle.ui-testing";
		};
/* End PBXNativeTarget section */

/* Begin PBXProject section */
		48BDE0F12D376E8D00054749 /* Project object */ = {
			isa = PBXProject;
			attributes = {
				BuildIndependentTargetsInParallel = 1;
				LastSwiftUpdateCheck = 1620;
				LastUpgradeCheck = 1620;
				TargetAttributes = {
					48BDE0F82D376E8D00054749 = {
						CreatedOnToolsVersion = 16.2;
					};
					48BDE1082D376E9000054749 = {
						CreatedOnToolsVersion = 16.2;
						TestTargetID = 48BDE0F82D376E8D00054749;
					};
					48BDE1122D376E9000054749 = {
						CreatedOnToolsVersion = 16.2;
						TestTargetID = 48BDE0F82D376E8D00054749;
					};
				};
			};
			buildConfigurationList = 48BDE0F42D376E8D00054749 /* Build configuration list for PBXProject "MVVM_PR" */;
			developmentRegion = en;
			hasScannedForEncodings = 0;
			knownRegions = (
				en,
				Base,
			);
			mainGroup = 48BDE0F02D376E8D00054749;
			minimizedProjectReferenceProxies = 1;
			preferredProjectObjectVersion = 77;
			productRefGroup = 48BDE0FA2D376E8D00054749 /* Products */;
			projectDirPath = "";
			projectRoot = "";
			targets = (
				48BDE0F82D376E8D00054749 /* MVVM_PR */,
				48BDE1082D376E9000054749 /* MVVM_PRTests */,
				48BDE1122D376E9000054749 /* MVVM_PRUITests */,
			);
		};
/* End PBXProject section */

/* Begin PBXResourcesBuildPhase section */
		48BDE0F72D376E8D00054749 /* Resources */ = {
			isa = PBXResourcesBuildPhase;
			buildActionMask = 2147483647;
			files = (
			);
			runOnlyForDeploymentPostprocessing = 0;
		};
		48BDE1072D376E9000054749 /* Resources */ = {
			isa = PBXResourcesBuildPhase;
			buildActionMask = 2147483647;
			files = (
			);
			runOnlyForDeploymentPostprocessing = 0;
		};
		48BDE1112D376E9000054749 /* Resources */ = {
			isa = PBXResourcesBuildPhase;
			buildActionMask = 2147483647;
			files = (
			);
			runOnlyForDeploymentPostprocessing = 0;
		};
/* End PBXResourcesBuildPhase section */

/* Begin PBXSourcesBuildPhase section */
		48BDE0F52D376E8D00054749 /* Sources */ = {
			isa = PBXSourcesBuildPhase;
			buildActionMask = 2147483647;
			files = (
			);
			runOnlyForDeploymentPostprocessing = 0;
		};
		48BDE1052D376E9000054749 /* Sources */ = {
			isa = PBXSourcesBuildPhase;
			buildActionMask = 2147483647;
			files = (
			);
			runOnlyForDeploymentPostprocessing = 0;
		};
		48BDE10F2D376E9000054749 /* Sources */ = {
			isa = PBXSourcesBuildPhase;
			buildActionMask = 2147483647;
			files = (
			);
			runOnlyForDeploymentPostprocessing = 0;
		};
/* End PBXSourcesBuildPhase section */

/* Begin PBXTargetDependency section */
		48BDE10B2D376E9000054749 /* PBXTargetDependency */ = {
			isa = PBXTargetDependency;
			target = 48BDE0F82D376E8D00054749 /* MVVM_PR */;
			targetProxy = 48BDE10A2D376E9000054749 /* PBXContainerItemProxy */;
		};
		48BDE1152D376E9000054749 /* PBXTargetDependency */ = {
			isa = PBXTargetDependency;
			target = 48BDE0F82D376E8D00054749 /* MVVM_PR */;
			targetProxy = 48BDE1142D376E9000054749 /* PBXContainerItemProxy */;
		};
/* End PBXTargetDependency section */

/* Begin XCBuildConfiguration section */
		48BDE11B2D376E9000054749 /* Debug */ = {
			isa = XCBuildConfiguration;
			buildSettings = {
				ALWAYS_SEARCH_USER_PATHS = NO;
				ASSETCATALOG_COMPILER_GENERATE_SWIFT_ASSET_SYMBOL_EXTENSIONS = YES;
				CLANG_ANALYZER_NONNULL = YES;
				CLANG_ANALYZER_NUMBER_OBJECT_CONVERSION = YES_AGGRESSIVE;
				CLANG_CXX_LANGUAGE_STANDARD = "gnu++20";
				CLANG_ENABLE_MODULES = YES;
				CLANG_ENABLE_OBJC_ARC = YES;
				CLANG_ENABLE_OBJC_WEAK = YES;
				CLANG_WARN_BLOCK_CAPTURE_AUTORELEASING = YES;
				CLANG_WARN_BOOL_CONVERSION = YES;
				CLANG_WARN_COMMA = YES;
				CLANG_WARN_CONSTANT_CONVERSION = YES;
				CLANG_WARN_DEPRECATED_OBJC_IMPLEMENTATIONS = YES;
				CLANG_WARN_DIRECT_OBJC_ISA_USAGE = YES_ERROR;
				CLANG_WARN_DOCUMENTATION_COMMENTS = YES;
				CLANG_WARN_EMPTY_BODY = YES;
				CLANG_WARN_ENUM_CONVERSION = YES;
				CLANG_WARN_INFINITE_RECURSION = YES;
				CLANG_WARN_INT_CONVERSION = YES;
				CLANG_WARN_NON_LITERAL_NULL_CONVERSION = YES;
				CLANG_WARN_OBJC_IMPLICIT_RETAIN_SELF = YES;
				CLANG_WARN_OBJC_LITERAL_CONVERSION = YES;
				CLANG_WARN_OBJC_ROOT_CLASS = YES_ERROR;
				CLANG_WARN_QUOTED_INCLUDE_IN_FRAMEWORK_HEADER = YES;
				CLANG_WARN_RANGE_LOOP_ANALYSIS = YES;
				CLANG_WARN_STRICT_PROTOTYPES = YES;
				CLANG_WARN_SUSPICIOUS_MOVE = YES;
				CLANG_WARN_UNGUARDED_AVAILABILITY = YES_AGGRESSIVE;
				CLANG_WARN_UNREACHABLE_CODE = YES;
				CLANG_WARN__DUPLICATE_METHOD_MATCH = YES;
				COPY_PHASE_STRIP = NO;
				DEBUG_INFORMATION_FORMAT = dwarf;
				ENABLE_STRICT_OBJC_MSGSEND = YES;
				ENABLE_TESTABILITY = YES;
				ENABLE_USER_SCRIPT_SANDBOXING = YES;
				GCC_C_LANGUAGE_STANDARD = gnu17;
				GCC_DYNAMIC_NO_PIC = NO;
				GCC_NO_COMMON_BLOCKS = YES;
				GCC_OPTIMIZATION_LEVEL = 0;
				GCC_PREPROCESSOR_DEFINITIONS = (
					"DEBUG=1",
					"$(inherited)",
				);
				GCC_WARN_64_TO_32_BIT_CONVERSION = YES;
				GCC_WARN_ABOUT_RETURN_TYPE = YES_ERROR;
				GCC_WARN_UNDECLARED_SELECTOR = YES;
				GCC_WARN_UNINITIALIZED_AUTOS = YES_AGGRESSIVE;
				GCC_WARN_UNUSED_FUNCTION = YES;
				GCC_WARN_UNUSED_VARIABLE = YES;
				IPHONEOS_DEPLOYMENT_TARGET = 18.2;
				LOCALIZATION_PREFERS_STRING_CATALOGS = YES;
				MTL_ENABLE_DEBUG_INFO = INCLUDE_SOURCE;
				MTL_FAST_MATH = YES;
				ONLY_ACTIVE_ARCH = YES;
				SDKROOT = iphoneos;
				SWIFT_ACTIVE_COMPILATION_CONDITIONS = "DEBUG $(inherited)";
				SWIFT_OPTIMIZATION_LEVEL = "-Onone";
			};
			name = Debug;
		};
		48BDE11C2D376E9000054749 /* Release */ = {
			isa = XCBuildConfiguration;
			buildSettings = {
				ALWAYS_SEARCH_USER_PATHS = NO;
				ASSETCATALOG_COMPILER_GENERATE_SWIFT_ASSET_SYMBOL_EXTENSIONS = YES;
				CLANG_ANALYZER_NONNULL = YES;
				CLANG_ANALYZER_NUMBER_OBJECT_CONVERSION = YES_AGGRESSIVE;
				CLANG_CXX_LANGUAGE_STANDARD = "gnu++20";
				CLANG_ENABLE_MODULES = YES;
				CLANG_ENABLE_OBJC_ARC = YES;
				CLANG_ENABLE_OBJC_WEAK = YES;
				CLANG_WARN_BLOCK_CAPTURE_AUTORELEASING = YES;
				CLANG_WARN_BOOL_CONVERSION = YES;
				CLANG_WARN_COMMA = YES;
				CLANG_WARN_CONSTANT_CONVERSION = YES;
				CLANG_WARN_DEPRECATED_OBJC_IMPLEMENTATIONS = YES;
				CLANG_WARN_DIRECT_OBJC_ISA_USAGE = YES_ERROR;
				CLANG_WARN_DOCUMENTATION_COMMENTS = YES;
				CLANG_WARN_EMPTY_BODY = YES;
				CLANG_WARN_ENUM_CONVERSION = YES;
				CLANG_WARN_INFINITE_RECURSION = YES;
				CLANG_WARN_INT_CONVERSION = YES;
				CLANG_WARN_NON_LITERAL_NULL_CONVERSION = YES;
				CLANG_WARN_OBJC_IMPLICIT_RETAIN_SELF = YES;
				CLANG_WARN_OBJC_LITERAL_CONVERSION = YES;
				CLANG_WARN_OBJC_ROOT_CLASS = YES_ERROR;
				CLANG_WARN_QUOTED_INCLUDE_IN_FRAMEWORK_HEADER = YES;
				CLANG_WARN_RANGE_LOOP_ANALYSIS = YES;
				CLANG_WARN_STRICT_PROTOTYPES = YES;
				CLANG_WARN_SUSPICIOUS_MOVE = YES;
				CLANG_WARN_UNGUARDED_AVAILABILITY = YES_AGGRESSIVE;
				CLANG_WARN_UNREACHABLE_CODE = YES;
				CLANG_WARN__DUPLICATE_METHOD_MATCH = YES;
				COPY_PHASE_STRIP = NO;
				DEBUG_INFORMATION_FORMAT = "dwarf-with-dsym";
				ENABLE_NS_ASSERTIONS = NO;
				ENABLE_STRICT_OBJC_MSGSEND = YES;
				ENABLE_USER_SCRIPT_SANDBOXING = YES;
				GCC_C_LANGUAGE_STANDARD = gnu17;
				GCC_NO_COMMON_BLOCKS = YES;
				GCC_WARN_64_TO_32_BIT_CONVERSION = YES;
				GCC_WARN_ABOUT_RETURN_TYPE = YES_ERROR;
				GCC_WARN_UNDECLARED_SELECTOR = YES;
				GCC_WARN_UNINITIALIZED_AUTOS = YES_AGGRESSIVE;
				GCC_WARN_UNUSED_FUNCTION = YES;
				GCC_WARN_UNUSED_VARIABLE = YES;
				IPHONEOS_DEPLOYMENT_TARGET = 18.2;
				LOCALIZATION_PREFERS_STRING_CATALOGS = YES;
				MTL_ENABLE_DEBUG_INFO = NO;
				MTL_FAST_MATH = YES;
				SDKROOT = iphoneos;
				SWIFT_COMPILATION_MODE = wholemodule;
				VALIDATE_PRODUCT = YES;
			};
			name = Release;
		};
		48BDE11E2D376E9000054749 /* Debug */ = {
			isa = XCBuildConfiguration;
			buildSettings = {
				ASSETCATALOG_COMPILER_APPICON_NAME = AppIcon;
				ASSETCATALOG_COMPILER_GLOBAL_ACCENT_COLOR_NAME = AccentColor;
				CODE_SIGN_STYLE = Automatic;
				CURRENT_PROJECT_VERSION = 1;
				DEVELOPMENT_ASSET_PATHS = "\"MVVM_PR/Preview Content\"";
				DEVELOPMENT_TEAM = 55JW9PZ4J9;
				ENABLE_PREVIEWS = YES;
				GENERATE_INFOPLIST_FILE = YES;
				INFOPLIST_KEY_UIApplicationSceneManifest_Generation = YES;
				INFOPLIST_KEY_UIApplicationSupportsIndirectInputEvents = YES;
				INFOPLIST_KEY_UILaunchScreen_Generation = YES;
				INFOPLIST_KEY_UISupportedInterfaceOrientations_iPad = "UIInterfaceOrientationPortrait UIInterfaceOrientationPortraitUpsideDown UIInterfaceOrientationLandscapeLeft UIInterfaceOrientationLandscapeRight";
				INFOPLIST_KEY_UISupportedInterfaceOrientations_iPhone = "UIInterfaceOrientationPortrait UIInterfaceOrientationLandscapeLeft UIInterfaceOrientationLandscapeRight";
				LD_RUNPATH_SEARCH_PATHS = (
					"$(inherited)",
					"@executable_path/Frameworks",
				);
				MARKETING_VERSION = 1.0;
				PRODUCT_BUNDLE_IDENTIFIER = "com.yourcompany.MVVM-PR";
				PRODUCT_NAME = "$(TARGET_NAME)";
				SWIFT_EMIT_LOC_STRINGS = YES;
				SWIFT_VERSION = 5.0;
				TARGETED_DEVICE_FAMILY = "1,2";
			};
			name = Debug;
		};
		48BDE11F2D376E9000054749 /* Release */ = {
			isa = XCBuildConfiguration;
			buildSettings = {
				ASSETCATALOG_COMPILER_APPICON_NAME = AppIcon;
				ASSETCATALOG_COMPILER_GLOBAL_ACCENT_COLOR_NAME = AccentColor;
				CODE_SIGN_STYLE = Automatic;
				CURRENT_PROJECT_VERSION = 1;
				DEVELOPMENT_ASSET_PATHS = "\"MVVM_PR/Preview Content\"";
				DEVELOPMENT_TEAM = 55JW9PZ4J9;
				ENABLE_PREVIEWS = YES;
				GENERATE_INFOPLIST_FILE = YES;
				INFOPLIST_KEY_UIApplicationSceneManifest_Generation = YES;
				INFOPLIST_KEY_UIApplicationSupportsIndirectInputEvents = YES;
				INFOPLIST_KEY_UILaunchScreen_Generation = YES;
				INFOPLIST_KEY_UISupportedInterfaceOrientations_iPad = "UIInterfaceOrientationPortrait UIInterfaceOrientationPortraitUpsideDown UIInterfaceOrientationLandscapeLeft UIInterfaceOrientationLandscapeRight";
				INFOPLIST_KEY_UISupportedInterfaceOrientations_iPhone = "UIInterfaceOrientationPortrait UIInterfaceOrientationLandscapeLeft UIInterfaceOrientationLandscapeRight";
				LD_RUNPATH_SEARCH_PATHS = (
					"$(inherited)",
					"@executable_path/Frameworks",
				);
				MARKETING_VERSION = 1.0;
				PRODUCT_BUNDLE_IDENTIFIER = "com.yourcompany.MVVM-PR";
				PRODUCT_NAME = "$(TARGET_NAME)";
				SWIFT_EMIT_LOC_STRINGS = YES;
				SWIFT_VERSION = 5.0;
				TARGETED_DEVICE_FAMILY = "1,2";
			};
			name = Release;
		};
		48BDE1212D376E9000054749 /* Debug */ = {
			isa = XCBuildConfiguration;
			buildSettings = {
				BUNDLE_LOADER = "$(TEST_HOST)";
				CODE_SIGN_STYLE = Automatic;
				CURRENT_PROJECT_VERSION = 1;
				DEVELOPMENT_TEAM = 55JW9PZ4J9;
				GENERATE_INFOPLIST_FILE = YES;
				IPHONEOS_DEPLOYMENT_TARGET = 18.2;
				MARKETING_VERSION = 1.0;
				PRODUCT_BUNDLE_IDENTIFIER = "com.yourcompany.MVVM-PRTests";
				PRODUCT_NAME = "$(TARGET_NAME)";
				SWIFT_EMIT_LOC_STRINGS = NO;
				SWIFT_VERSION = 5.0;
				TARGETED_DEVICE_FAMILY = "1,2";
				TEST_HOST = "$(BUILT_PRODUCTS_DIR)/MVVM_PR.app/$(BUNDLE_EXECUTABLE_FOLDER_PATH)/MVVM_PR";
			};
			name = Debug;
		};
		48BDE1222D376E9000054749 /* Release */ = {
			isa = XCBuildConfiguration;
			buildSettings = {
				BUNDLE_LOADER = "$(TEST_HOST)";
				CODE_SIGN_STYLE = Automatic;
				CURRENT_PROJECT_VERSION = 1;
				DEVELOPMENT_TEAM = 55JW9PZ4J9;
				GENERATE_INFOPLIST_FILE = YES;
				IPHONEOS_DEPLOYMENT_TARGET = 18.2;
				MARKETING_VERSION = 1.0;
				PRODUCT_BUNDLE_IDENTIFIER = "com.yourcompany.MVVM-PRTests";
				PRODUCT_NAME = "$(TARGET_NAME)";
				SWIFT_EMIT_LOC_STRINGS = NO;
				SWIFT_VERSION = 5.0;
				TARGETED_DEVICE_FAMILY = "1,2";
				TEST_HOST = "$(BUILT_PRODUCTS_DIR)/MVVM_PR.app/$(BUNDLE_EXECUTABLE_FOLDER_PATH)/MVVM_PR";
			};
			name = Release;
		};
		48BDE1242D376E9000054749 /* Debug */ = {
			isa = XCBuildConfiguration;
			buildSettings = {
				CODE_SIGN_STYLE = Automatic;
				CURRENT_PROJECT_VERSION = 1;
				DEVELOPMENT_TEAM = 55JW9PZ4J9;
				GENERATE_INFOPLIST_FILE = YES;
				MARKETING_VERSION = 1.0;
				PRODUCT_BUNDLE_IDENTIFIER = "com.yourcompany.MVVM-PRUITests";
				PRODUCT_NAME = "$(TARGET_NAME)";
				SWIFT_EMIT_LOC_STRINGS = NO;
				SWIFT_VERSION = 5.0;
				TARGETED_DEVICE_FAMILY = "1,2";
				TEST_TARGET_NAME = MVVM_PR;
			};
			name = Debug;
		};
		48BDE1252D376E9000054749 /* Release */ = {
			isa = XCBuildConfiguration;
			buildSettings = {
				CODE_SIGN_STYLE = Automatic;
				CURRENT_PROJECT_VERSION = 1;
				DEVELOPMENT_TEAM = 55JW9PZ4J9;
				GENERATE_INFOPLIST_FILE = YES;
				MARKETING_VERSION = 1.0;
				PRODUCT_BUNDLE_IDENTIFIER = "com.yourcompany.MVVM-PRUITests";
				PRODUCT_NAME = "$(TARGET_NAME)";
				SWIFT_EMIT_LOC_STRINGS = NO;
				SWIFT_VERSION = 5.0;
				TARGETED_DEVICE_FAMILY = "1,2";
				TEST_TARGET_NAME = MVVM_PR;
			};
			name = Release;
		};
/* End XCBuildConfiguration section */

/* Begin XCConfigurationList section */
		48BDE0F42D376E8D00054749 /* Build configuration list for PBXProject "MVVM_PR" */ = {
			isa = XCConfigurationList;
			buildConfigurations = (
				48BDE11B2D376E9000054749 /* Debug */,
				48BDE11C2D376E9000054749 /* Release */,
			);
			defaultConfigurationIsVisible = 0;
			defaultConfigurationName = Release;
		};
		48BDE11D2D376E9000054749 /* Build configuration list for PBXNativeTarget "MVVM_PR" */ = {
			isa = XCConfigurationList;
			buildConfigurations = (
				48BDE11E2D376E9000054749 /* Debug */,
				48BDE11F2D376E9000054749 /* Release */,
			);
			defaultConfigurationIsVisible = 0;
			defaultConfigurationName = Release;
		};
		48BDE1202D376E9000054749 /* Build configuration list for PBXNativeTarget "MVVM_PRTests" */ = {
			isa = XCConfigurationList;
			buildConfigurations = (
				48BDE1212D376E9000054749 /* Debug */,
				48BDE1222D376E9000054749 /* Release */,
			);
			defaultConfigurationIsVisible = 0;
			defaultConfigurationName = Release;
		};
		48BDE1232D376E9000054749 /* Build configuration list for PBXNativeTarget "MVVM_PRUITests" */ = {
			isa = XCConfigurationList;
			buildConfigurations = (
				48BDE1242D376E9000054749 /* Debug */,
				48BDE1252D376E9000054749 /* Release */,
			);
			defaultConfigurationIsVisible = 0;
			defaultConfigurationName = Release;
		};
/* End XCConfigurationList section */
	};
	rootObject = 48BDE0F12D376E8D00054749 /* Project object */;
}
