// !$*UTF8*$!
{
	archiveVersion = 1;
	classes = {
	};
	objectVersion = 77;
	objects = {

/* Begin PBXBuildFile section */
		480FD4AE2D3408BD007D057C /* URLImage in Frameworks */ = {isa = PBXBuildFile; productRef = 480FD4AD2D3408BD007D057C /* URLImage */; };
		480FD4B92D340FB4007D057C /* Alamofire in Frameworks */ = {isa = PBXBuildFile; productRef = 480FD4B82D340FB4007D057C /* Alamofire */; };
/* End PBXBuildFile section */

/* Begin PBXContainerItemProxy section */
		480FD48A2D340440007D057C /* PBXContainerItemProxy */ = {
			isa = PBXContainerItemProxy;
			containerPortal = 480FD4712D34043C007D057C /* Project object */;
			proxyType = 1;
			remoteGlobalIDString = 480FD4782D34043C007D057C;
			remoteInfo = API_Ex;
		};
		480FD4942D340440007D057C /* PBXContainerItemProxy */ = {
			isa = PBXContainerItemProxy;
			containerPortal = 480FD4712D34043C007D057C /* Project object */;
			proxyType = 1;
			remoteGlobalIDString = 480FD4782D34043C007D057C;
			remoteInfo = API_Ex;
		};
/* End PBXContainerItemProxy section */

/* Begin PBXFileReference section */
		480FD4792D34043C007D057C /* API_Ex.app */ = {isa = PBXFileReference; explicitFileType = wrapper.application; includeInIndex = 0; path = API_Ex.app; sourceTree = BUILT_PRODUCTS_DIR; };
		480FD4892D340440007D057C /* API_ExTests.xctest */ = {isa = PBXFileReference; explicitFileType = wrapper.cfbundle; includeInIndex = 0; path = API_ExTests.xctest; sourceTree = BUILT_PRODUCTS_DIR; };
		480FD4932D340440007D057C /* API_ExUITests.xctest */ = {isa = PBXFileReference; explicitFileType = wrapper.cfbundle; includeInIndex = 0; path = API_ExUITests.xctest; sourceTree = BUILT_PRODUCTS_DIR; };
		480FD4AF2D340A12007D057C /* API_Ex.xcodeproj */ = {isa = PBXFileReference; lastKnownFileType = "wrapper.pb-project"; path = API_Ex.xcodeproj; sourceTree = SOURCE_ROOT; };
/* End PBXFileReference section */

/* Begin PBXFileSystemSynchronizedRootGroup section */
		480FD47B2D34043C007D057C /* API_Ex */ = {
			isa = PBXFileSystemSynchronizedRootGroup;
			path = API_Ex;
			sourceTree = "<group>";
		};
		480FD48C2D340440007D057C /* API_ExTests */ = {
			isa = PBXFileSystemSynchronizedRootGroup;
			path = API_ExTests;
			sourceTree = "<group>";
		};
		480FD4962D340440007D057C /* API_ExUITests */ = {
			isa = PBXFileSystemSynchronizedRootGroup;
			path = API_ExUITests;
			sourceTree = "<group>";
		};
/* End PBXFileSystemSynchronizedRootGroup section */

/* Begin PBXFrameworksBuildPhase section */
		480FD4762D34043C007D057C /* Frameworks */ = {
			isa = PBXFrameworksBuildPhase;
			buildActionMask = 2147483647;
			files = (
				480FD4AE2D3408BD007D057C /* URLImage in Frameworks */,
				480FD4B92D340FB4007D057C /* Alamofire in Frameworks */,
			);
			runOnlyForDeploymentPostprocessing = 0;
		};
		480FD4862D340440007D057C /* Frameworks */ = {
			isa = PBXFrameworksBuildPhase;
			buildActionMask = 2147483647;
			files = (
			);
			runOnlyForDeploymentPostprocessing = 0;
		};
		480FD4902D340440007D057C /* Frameworks */ = {
			isa = PBXFrameworksBuildPhase;
			buildActionMask = 2147483647;
			files = (
			);
			runOnlyForDeploymentPostprocessing = 0;
		};
/* End PBXFrameworksBuildPhase section */

/* Begin PBXGroup section */
		480FD4702D34043C007D057C = {
			isa = PBXGroup;
			children = (
				480FD4AF2D340A12007D057C /* API_Ex.xcodeproj */,
				480FD47B2D34043C007D057C /* API_Ex */,
				480FD48C2D340440007D057C /* API_ExTests */,
				480FD4962D340440007D057C /* API_ExUITests */,
				480FD47A2D34043C007D057C /* Products */,
			);
			sourceTree = "<group>";
		};
		480FD47A2D34043C007D057C /* Products */ = {
			isa = PBXGroup;
			children = (
				480FD4792D34043C007D057C /* API_Ex.app */,
				480FD4892D340440007D057C /* API_ExTests.xctest */,
				480FD4932D340440007D057C /* API_ExUITests.xctest */,
			);
			name = Products;
			sourceTree = "<group>";
		};
		48AB4E8D2D3521CD00BA3134 /* Products */ = {
			isa = PBXGroup;
			name = Products;
			sourceTree = "<group>";
		};
/* End PBXGroup section */

/* Begin PBXNativeTarget section */
		480FD4782D34043C007D057C /* API_Ex */ = {
			isa = PBXNativeTarget;
			buildConfigurationList = 480FD49D2D340440007D057C /* Build configuration list for PBXNativeTarget "API_Ex" */;
			buildPhases = (
				480FD4752D34043C007D057C /* Sources */,
				480FD4762D34043C007D057C /* Frameworks */,
				480FD4772D34043C007D057C /* Resources */,
			);
			buildRules = (
			);
			dependencies = (
			);
			fileSystemSynchronizedGroups = (
				480FD47B2D34043C007D057C /* API_Ex */,
			);
			name = API_Ex;
			packageProductDependencies = (
				480FD4AD2D3408BD007D057C /* URLImage */,
				480FD4B82D340FB4007D057C /* Alamofire */,
			);
			productName = API_Ex;
			productReference = 480FD4792D34043C007D057C /* API_Ex.app */;
			productType = "com.apple.product-type.application";
		};
		480FD4882D340440007D057C /* API_ExTests */ = {
			isa = PBXNativeTarget;
			buildConfigurationList = 480FD4A02D340440007D057C /* Build configuration list for PBXNativeTarget "API_ExTests" */;
			buildPhases = (
				480FD4852D340440007D057C /* Sources */,
				480FD4862D340440007D057C /* Frameworks */,
				480FD4872D340440007D057C /* Resources */,
			);
			buildRules = (
			);
			dependencies = (
				480FD48B2D340440007D057C /* PBXTargetDependency */,
			);
			fileSystemSynchronizedGroups = (
				480FD48C2D340440007D057C /* API_ExTests */,
			);
			name = API_ExTests;
			packageProductDependencies = (
			);
			productName = API_ExTests;
			productReference = 480FD4892D340440007D057C /* API_ExTests.xctest */;
			productType = "com.apple.product-type.bundle.unit-test";
		};
		480FD4922D340440007D057C /* API_ExUITests */ = {
			isa = PBXNativeTarget;
			buildConfigurationList = 480FD4A32D340440007D057C /* Build configuration list for PBXNativeTarget "API_ExUITests" */;
			buildPhases = (
				480FD48F2D340440007D057C /* Sources */,
				480FD4902D340440007D057C /* Frameworks */,
				480FD4912D340440007D057C /* Resources */,
			);
			buildRules = (
			);
			dependencies = (
				480FD4952D340440007D057C /* PBXTargetDependency */,
			);
			fileSystemSynchronizedGroups = (
				480FD4962D340440007D057C /* API_ExUITests */,
			);
			name = API_ExUITests;
			packageProductDependencies = (
			);
			productName = API_ExUITests;
			productReference = 480FD4932D340440007D057C /* API_ExUITests.xctest */;
			productType = "com.apple.product-type.bundle.ui-testing";
		};
/* End PBXNativeTarget section */

/* Begin PBXProject section */
		480FD4712D34043C007D057C /* Project object */ = {
			isa = PBXProject;
			attributes = {
				BuildIndependentTargetsInParallel = 1;
				LastSwiftUpdateCheck = 1620;
				LastUpgradeCheck = 1620;
				TargetAttributes = {
					480FD4782D34043C007D057C = {
						CreatedOnToolsVersion = 16.2;
					};
					480FD4882D340440007D057C = {
						CreatedOnToolsVersion = 16.2;
						TestTargetID = 480FD4782D34043C007D057C;
					};
					480FD4922D340440007D057C = {
						CreatedOnToolsVersion = 16.2;
						TestTargetID = 480FD4782D34043C007D057C;
					};
				};
			};
			buildConfigurationList = 480FD4742D34043C007D057C /* Build configuration list for PBXProject "API_Ex" */;
			developmentRegion = en;
			hasScannedForEncodings = 0;
			knownRegions = (
				en,
				Base,
			);
			mainGroup = 480FD4702D34043C007D057C;
			minimizedProjectReferenceProxies = 1;
			packageReferences = (
				480FD4AC2D3408BD007D057C /* XCRemoteSwiftPackageReference "url-image" */,
				480FD4B72D340FB4007D057C /* XCRemoteSwiftPackageReference "Alamofire" */,
			);
			preferredProjectObjectVersion = 77;
			productRefGroup = 480FD47A2D34043C007D057C /* Products */;
			projectDirPath = "";
			projectReferences = (
				{
					ProductGroup = 48AB4E8D2D3521CD00BA3134 /* Products */;
					ProjectRef = 480FD4AF2D340A12007D057C /* API_Ex.xcodeproj */;
				},
			);
			projectRoot = "";
			targets = (
				480FD4782D34043C007D057C /* API_Ex */,
				480FD4882D340440007D057C /* API_ExTests */,
				480FD4922D340440007D057C /* API_ExUITests */,
			);
		};
/* End PBXProject section */

/* Begin PBXResourcesBuildPhase section */
		480FD4772D34043C007D057C /* Resources */ = {
			isa = PBXResourcesBuildPhase;
			buildActionMask = 2147483647;
			files = (
			);
			runOnlyForDeploymentPostprocessing = 0;
		};
		480FD4872D340440007D057C /* Resources */ = {
			isa = PBXResourcesBuildPhase;
			buildActionMask = 2147483647;
			files = (
			);
			runOnlyForDeploymentPostprocessing = 0;
		};
		480FD4912D340440007D057C /* Resources */ = {
			isa = PBXResourcesBuildPhase;
			buildActionMask = 2147483647;
			files = (
			);
			runOnlyForDeploymentPostprocessing = 0;
		};
/* End PBXResourcesBuildPhase section */

/* Begin PBXSourcesBuildPhase section */
		480FD4752D34043C007D057C /* Sources */ = {
			isa = PBXSourcesBuildPhase;
			buildActionMask = 2147483647;
			files = (
			);
			runOnlyForDeploymentPostprocessing = 0;
		};
		480FD4852D340440007D057C /* Sources */ = {
			isa = PBXSourcesBuildPhase;
			buildActionMask = 2147483647;
			files = (
			);
			runOnlyForDeploymentPostprocessing = 0;
		};
		480FD48F2D340440007D057C /* Sources */ = {
			isa = PBXSourcesBuildPhase;
			buildActionMask = 2147483647;
			files = (
			);
			runOnlyForDeploymentPostprocessing = 0;
		};
/* End PBXSourcesBuildPhase section */

/* Begin PBXTargetDependency section */
		480FD48B2D340440007D057C /* PBXTargetDependency */ = {
			isa = PBXTargetDependency;
			target = 480FD4782D34043C007D057C /* API_Ex */;
			targetProxy = 480FD48A2D340440007D057C /* PBXContainerItemProxy */;
		};
		480FD4952D340440007D057C /* PBXTargetDependency */ = {
			isa = PBXTargetDependency;
			target = 480FD4782D34043C007D057C /* API_Ex */;
			targetProxy = 480FD4942D340440007D057C /* PBXContainerItemProxy */;
		};
/* End PBXTargetDependency section */

/* Begin XCBuildConfiguration section */
		480FD49B2D340440007D057C /* Debug */ = {
			isa = XCBuildConfiguration;
			buildSettings = {
				ALWAYS_SEARCH_USER_PATHS = NO;
				ASSETCATALOG_COMPILER_GENERATE_SWIFT_ASSET_SYMBOL_EXTENSIONS = YES;
				CLANG_ANALYZER_NONNULL = YES;
				CLANG_ANALYZER_NUMBER_OBJECT_CONVERSION = YES_AGGRESSIVE;
				CLANG_CXX_LANGUAGE_STANDARD = "gnu++20";
				CLANG_ENABLE_MODULES = YES;
				CLANG_ENABLE_OBJC_ARC = YES;
				CLANG_ENABLE_OBJC_WEAK = YES;
				CLANG_WARN_BLOCK_CAPTURE_AUTORELEASING = YES;
				CLANG_WARN_BOOL_CONVERSION = YES;
				CLANG_WARN_COMMA = YES;
				CLANG_WARN_CONSTANT_CONVERSION = YES;
				CLANG_WARN_DEPRECATED_OBJC_IMPLEMENTATIONS = YES;
				CLANG_WARN_DIRECT_OBJC_ISA_USAGE = YES_ERROR;
				CLANG_WARN_DOCUMENTATION_COMMENTS = YES;
				CLANG_WARN_EMPTY_BODY = YES;
				CLANG_WARN_ENUM_CONVERSION = YES;
				CLANG_WARN_INFINITE_RECURSION = YES;
				CLANG_WARN_INT_CONVERSION = YES;
				CLANG_WARN_NON_LITERAL_NULL_CONVERSION = YES;
				CLANG_WARN_OBJC_IMPLICIT_RETAIN_SELF = YES;
				CLANG_WARN_OBJC_LITERAL_CONVERSION = YES;
				CLANG_WARN_OBJC_ROOT_CLASS = YES_ERROR;
				CLANG_WARN_QUOTED_INCLUDE_IN_FRAMEWORK_HEADER = YES;
				CLANG_WARN_RANGE_LOOP_ANALYSIS = YES;
				CLANG_WARN_STRICT_PROTOTYPES = YES;
				CLANG_WARN_SUSPICIOUS_MOVE = YES;
				CLANG_WARN_UNGUARDED_AVAILABILITY = YES_AGGRESSIVE;
				CLANG_WARN_UNREACHABLE_CODE = YES;
				CLANG_WARN__DUPLICATE_METHOD_MATCH = YES;
				COPY_PHASE_STRIP = NO;
				DEBUG_INFORMATION_FORMAT = dwarf;
				ENABLE_STRICT_OBJC_MSGSEND = YES;
				ENABLE_TESTABILITY = YES;
				ENABLE_USER_SCRIPT_SANDBOXING = YES;
				GCC_C_LANGUAGE_STANDARD = gnu17;
				GCC_DYNAMIC_NO_PIC = NO;
				GCC_NO_COMMON_BLOCKS = YES;
				GCC_OPTIMIZATION_LEVEL = 0;
				GCC_PREPROCESSOR_DEFINITIONS = (
					"DEBUG=1",
					"$(inherited)",
				);
				GCC_WARN_64_TO_32_BIT_CONVERSION = YES;
				GCC_WARN_ABOUT_RETURN_TYPE = YES_ERROR;
				GCC_WARN_UNDECLARED_SELECTOR = YES;
				GCC_WARN_UNINITIALIZED_AUTOS = YES_AGGRESSIVE;
				GCC_WARN_UNUSED_FUNCTION = YES;
				GCC_WARN_UNUSED_VARIABLE = YES;
				IPHONEOS_DEPLOYMENT_TARGET = 18.2;
				LOCALIZATION_PREFERS_STRING_CATALOGS = YES;
				MTL_ENABLE_DEBUG_INFO = INCLUDE_SOURCE;
				MTL_FAST_MATH = YES;
				ONLY_ACTIVE_ARCH = YES;
				SDKROOT = iphoneos;
				SWIFT_ACTIVE_COMPILATION_CONDITIONS = "DEBUG $(inherited)";
				SWIFT_OPTIMIZATION_LEVEL = "-Onone";
			};
			name = Debug;
		};
		480FD49C2D340440007D057C /* Release */ = {
			isa = XCBuildConfiguration;
			buildSettings = {
				ALWAYS_SEARCH_USER_PATHS = NO;
				ASSETCATALOG_COMPILER_GENERATE_SWIFT_ASSET_SYMBOL_EXTENSIONS = YES;
				CLANG_ANALYZER_NONNULL = YES;
				CLANG_ANALYZER_NUMBER_OBJECT_CONVERSION = YES_AGGRESSIVE;
				CLANG_CXX_LANGUAGE_STANDARD = "gnu++20";
				CLANG_ENABLE_MODULES = YES;
				CLANG_ENABLE_OBJC_ARC = YES;
				CLANG_ENABLE_OBJC_WEAK = YES;
				CLANG_WARN_BLOCK_CAPTURE_AUTORELEASING = YES;
				CLANG_WARN_BOOL_CONVERSION = YES;
				CLANG_WARN_COMMA = YES;
				CLANG_WARN_CONSTANT_CONVERSION = YES;
				CLANG_WARN_DEPRECATED_OBJC_IMPLEMENTATIONS = YES;
				CLANG_WARN_DIRECT_OBJC_ISA_USAGE = YES_ERROR;
				CLANG_WARN_DOCUMENTATION_COMMENTS = YES;
				CLANG_WARN_EMPTY_BODY = YES;
				CLANG_WARN_ENUM_CONVERSION = YES;
				CLANG_WARN_INFINITE_RECURSION = YES;
				CLANG_WARN_INT_CONVERSION = YES;
				CLANG_WARN_NON_LITERAL_NULL_CONVERSION = YES;
				CLANG_WARN_OBJC_IMPLICIT_RETAIN_SELF = YES;
				CLANG_WARN_OBJC_LITERAL_CONVERSION = YES;
				CLANG_WARN_OBJC_ROOT_CLASS = YES_ERROR;
				CLANG_WARN_QUOTED_INCLUDE_IN_FRAMEWORK_HEADER = YES;
				CLANG_WARN_RANGE_LOOP_ANALYSIS = YES;
				CLANG_WARN_STRICT_PROTOTYPES = YES;
				CLANG_WARN_SUSPICIOUS_MOVE = YES;
				CLANG_WARN_UNGUARDED_AVAILABILITY = YES_AGGRESSIVE;
				CLANG_WARN_UNREACHABLE_CODE = YES;
				CLANG_WARN__DUPLICATE_METHOD_MATCH = YES;
				COPY_PHASE_STRIP = NO;
				DEBUG_INFORMATION_FORMAT = "dwarf-with-dsym";
				ENABLE_NS_ASSERTIONS = NO;
				ENABLE_STRICT_OBJC_MSGSEND = YES;
				ENABLE_USER_SCRIPT_SANDBOXING = YES;
				GCC_C_LANGUAGE_STANDARD = gnu17;
				GCC_NO_COMMON_BLOCKS = YES;
				GCC_WARN_64_TO_32_BIT_CONVERSION = YES;
				GCC_WARN_ABOUT_RETURN_TYPE = YES_ERROR;
				GCC_WARN_UNDECLARED_SELECTOR = YES;
				GCC_WARN_UNINITIALIZED_AUTOS = YES_AGGRESSIVE;
				GCC_WARN_UNUSED_FUNCTION = YES;
				GCC_WARN_UNUSED_VARIABLE = YES;
				IPHONEOS_DEPLOYMENT_TARGET = 18.2;
				LOCALIZATION_PREFERS_STRING_CATALOGS = YES;
				MTL_ENABLE_DEBUG_INFO = NO;
				MTL_FAST_MATH = YES;
				SDKROOT = iphoneos;
				SWIFT_COMPILATION_MODE = wholemodule;
				VALIDATE_PRODUCT = YES;
			};
			name = Release;
		};
		480FD49E2D340440007D057C /* Debug */ = {
			isa = XCBuildConfiguration;
			buildSettings = {
				ASSETCATALOG_COMPILER_APPICON_NAME = AppIcon;
				ASSETCATALOG_COMPILER_GLOBAL_ACCENT_COLOR_NAME = AccentColor;
				CODE_SIGN_STYLE = Automatic;
				CURRENT_PROJECT_VERSION = 1;
				DEVELOPMENT_ASSET_PATHS = "\"API_Ex/Preview Content\"";
				DEVELOPMENT_TEAM = 55JW9PZ4J9;
				ENABLE_PREVIEWS = YES;
				GENERATE_INFOPLIST_FILE = YES;
				INFOPLIST_KEY_UIApplicationSceneManifest_Generation = YES;
				INFOPLIST_KEY_UIApplicationSupportsIndirectInputEvents = YES;
				INFOPLIST_KEY_UILaunchScreen_Generation = YES;
				INFOPLIST_KEY_UISupportedInterfaceOrientations_iPad = "UIInterfaceOrientationPortrait UIInterfaceOrientationPortraitUpsideDown UIInterfaceOrientationLandscapeLeft UIInterfaceOrientationLandscapeRight";
				INFOPLIST_KEY_UISupportedInterfaceOrientations_iPhone = "UIInterfaceOrientationPortrait UIInterfaceOrientationLandscapeLeft UIInterfaceOrientationLandscapeRight";
				LD_RUNPATH_SEARCH_PATHS = (
					"$(inherited)",
					"@executable_path/Frameworks",
				);
				MARKETING_VERSION = 1.0;
				PRODUCT_BUNDLE_IDENTIFIER = "com.yourcompany.API-Ex";
				PRODUCT_NAME = "$(TARGET_NAME)";
				SWIFT_EMIT_LOC_STRINGS = YES;
				SWIFT_VERSION = 5.0;
				TARGETED_DEVICE_FAMILY = "1,2";
			};
			name = Debug;
		};
		480FD49F2D340440007D057C /* Release */ = {
			isa = XCBuildConfiguration;
			buildSettings = {
				ASSETCATALOG_COMPILER_APPICON_NAME = AppIcon;
				ASSETCATALOG_COMPILER_GLOBAL_ACCENT_COLOR_NAME = AccentColor;
				CODE_SIGN_STYLE = Automatic;
				CURRENT_PROJECT_VERSION = 1;
				DEVELOPMENT_ASSET_PATHS = "\"API_Ex/Preview Content\"";
				DEVELOPMENT_TEAM = 55JW9PZ4J9;
				ENABLE_PREVIEWS = YES;
				GENERATE_INFOPLIST_FILE = YES;
				INFOPLIST_KEY_UIApplicationSceneManifest_Generation = YES;
				INFOPLIST_KEY_UIApplicationSupportsIndirectInputEvents = YES;
				INFOPLIST_KEY_UILaunchScreen_Generation = YES;
				INFOPLIST_KEY_UISupportedInterfaceOrientations_iPad = "UIInterfaceOrientationPortrait UIInterfaceOrientationPortraitUpsideDown UIInterfaceOrientationLandscapeLeft UIInterfaceOrientationLandscapeRight";
				INFOPLIST_KEY_UISupportedInterfaceOrientations_iPhone = "UIInterfaceOrientationPortrait UIInterfaceOrientationLandscapeLeft UIInterfaceOrientationLandscapeRight";
				LD_RUNPATH_SEARCH_PATHS = (
					"$(inherited)",
					"@executable_path/Frameworks",
				);
				MARKETING_VERSION = 1.0;
				PRODUCT_BUNDLE_IDENTIFIER = "com.yourcompany.API-Ex";
				PRODUCT_NAME = "$(TARGET_NAME)";
				SWIFT_EMIT_LOC_STRINGS = YES;
				SWIFT_VERSION = 5.0;
				TARGETED_DEVICE_FAMILY = "1,2";
			};
			name = Release;
		};
		480FD4A12D340440007D057C /* Debug */ = {
			isa = XCBuildConfiguration;
			buildSettings = {
				BUNDLE_LOADER = "$(TEST_HOST)";
				CODE_SIGN_STYLE = Automatic;
				CURRENT_PROJECT_VERSION = 1;
				DEVELOPMENT_TEAM = 55JW9PZ4J9;
				GENERATE_INFOPLIST_FILE = YES;
				IPHONEOS_DEPLOYMENT_TARGET = 18.2;
				MARKETING_VERSION = 1.0;
				PRODUCT_BUNDLE_IDENTIFIER = "com.yourcompany.API-ExTests";
				PRODUCT_NAME = "$(TARGET_NAME)";
				SWIFT_EMIT_LOC_STRINGS = NO;
				SWIFT_VERSION = 5.0;
				TARGETED_DEVICE_FAMILY = "1,2";
				TEST_HOST = "$(BUILT_PRODUCTS_DIR)/API_Ex.app/$(BUNDLE_EXECUTABLE_FOLDER_PATH)/API_Ex";
			};
			name = Debug;
		};
		480FD4A22D340440007D057C /* Release */ = {
			isa = XCBuildConfiguration;
			buildSettings = {
				BUNDLE_LOADER = "$(TEST_HOST)";
				CODE_SIGN_STYLE = Automatic;
				CURRENT_PROJECT_VERSION = 1;
				DEVELOPMENT_TEAM = 55JW9PZ4J9;
				GENERATE_INFOPLIST_FILE = YES;
				IPHONEOS_DEPLOYMENT_TARGET = 18.2;
				MARKETING_VERSION = 1.0;
				PRODUCT_BUNDLE_IDENTIFIER = "com.yourcompany.API-ExTests";
				PRODUCT_NAME = "$(TARGET_NAME)";
				SWIFT_EMIT_LOC_STRINGS = NO;
				SWIFT_VERSION = 5.0;
				TARGETED_DEVICE_FAMILY = "1,2";
				TEST_HOST = "$(BUILT_PRODUCTS_DIR)/API_Ex.app/$(BUNDLE_EXECUTABLE_FOLDER_PATH)/API_Ex";
			};
			name = Release;
		};
		480FD4A42D340440007D057C /* Debug */ = {
			isa = XCBuildConfiguration;
			buildSettings = {
				CODE_SIGN_STYLE = Automatic;
				CURRENT_PROJECT_VERSION = 1;
				DEVELOPMENT_TEAM = 55JW9PZ4J9;
				GENERATE_INFOPLIST_FILE = YES;
				MARKETING_VERSION = 1.0;
				PRODUCT_BUNDLE_IDENTIFIER = "com.yourcompany.API-ExUITests";
				PRODUCT_NAME = "$(TARGET_NAME)";
				SWIFT_EMIT_LOC_STRINGS = NO;
				SWIFT_VERSION = 5.0;
				TARGETED_DEVICE_FAMILY = "1,2";
				TEST_TARGET_NAME = API_Ex;
			};
			name = Debug;
		};
		480FD4A52D340440007D057C /* Release */ = {
			isa = XCBuildConfiguration;
			buildSettings = {
				CODE_SIGN_STYLE = Automatic;
				CURRENT_PROJECT_VERSION = 1;
				DEVELOPMENT_TEAM = 55JW9PZ4J9;
				GENERATE_INFOPLIST_FILE = YES;
				MARKETING_VERSION = 1.0;
				PRODUCT_BUNDLE_IDENTIFIER = "com.yourcompany.API-ExUITests";
				PRODUCT_NAME = "$(TARGET_NAME)";
				SWIFT_EMIT_LOC_STRINGS = NO;
				SWIFT_VERSION = 5.0;
				TARGETED_DEVICE_FAMILY = "1,2";
				TEST_TARGET_NAME = API_Ex;
			};
			name = Release;
		};
/* End XCBuildConfiguration section */

/* Begin XCConfigurationList section */
		480FD4742D34043C007D057C /* Build configuration list for PBXProject "API_Ex" */ = {
			isa = XCConfigurationList;
			buildConfigurations = (
				480FD49B2D340440007D057C /* Debug */,
				480FD49C2D340440007D057C /* Release */,
			);
			defaultConfigurationIsVisible = 0;
			defaultConfigurationName = Release;
		};
		480FD49D2D340440007D057C /* Build configuration list for PBXNativeTarget "API_Ex" */ = {
			isa = XCConfigurationList;
			buildConfigurations = (
				480FD49E2D340440007D057C /* Debug */,
				480FD49F2D340440007D057C /* Release */,
			);
			defaultConfigurationIsVisible = 0;
			defaultConfigurationName = Release;
		};
		480FD4A02D340440007D057C /* Build configuration list for PBXNativeTarget "API_ExTests" */ = {
			isa = XCConfigurationList;
			buildConfigurations = (
				480FD4A12D340440007D057C /* Debug */,
				480FD4A22D340440007D057C /* Release */,
			);
			defaultConfigurationIsVisible = 0;
			defaultConfigurationName = Release;
		};
		480FD4A32D340440007D057C /* Build configuration list for PBXNativeTarget "API_ExUITests" */ = {
			isa = XCConfigurationList;
			buildConfigurations = (
				480FD4A42D340440007D057C /* Debug */,
				480FD4A52D340440007D057C /* Release */,
			);
			defaultConfigurationIsVisible = 0;
			defaultConfigurationName = Release;
		};
/* End XCConfigurationList section */

/* Begin XCRemoteSwiftPackageReference section */
		480FD4AC2D3408BD007D057C /* XCRemoteSwiftPackageReference "url-image" */ = {
			isa = XCRemoteSwiftPackageReference;
			repositoryURL = "https://github.com/dmytro-anokhin/url-image";
			requirement = {
				kind = upToNextMajorVersion;
				minimumVersion = 3.1.1;
			};
		};
		480FD4B72D340FB4007D057C /* XCRemoteSwiftPackageReference "Alamofire" */ = {
			isa = XCRemoteSwiftPackageReference;
			repositoryURL = "https://github.com/Alamofire/Alamofire.git";
			requirement = {
				kind = upToNextMajorVersion;
				minimumVersion = 5.10.2;
			};
		};
/* End XCRemoteSwiftPackageReference section */

/* Begin XCSwiftPackageProductDependency section */
		480FD4AD2D3408BD007D057C /* URLImage */ = {
			isa = XCSwiftPackageProductDependency;
			package = 480FD4AC2D3408BD007D057C /* XCRemoteSwiftPackageReference "url-image" */;
			productName = URLImage;
		};
		480FD4B82D340FB4007D057C /* Alamofire */ = {
			isa = XCSwiftPackageProductDependency;
			package = 480FD4B72D340FB4007D057C /* XCRemoteSwiftPackageReference "Alamofire" */;
			productName = Alamofire;
		};
/* End XCSwiftPackageProductDependency section */
	};
	rootObject = 480FD4712D34043C007D057C /* Project object */;
}
